
Microsoft Visual Studio Solution File, Format Version 12.00
# Visual Studio Version 17
VisualStudioVersion = 17.14.36811.4 d17.14
MinimumVisualStudioVersion = 10.0.40219.1
Project("{FAE04EC0-301F-11D3-BF4B-00C04F79EFBC}") = "ZoroufApp", "ZoroufApp\ZoroufApp.csproj", "{19F34850-65A9-4906-B4E1-E1871E42BEC0}"
EndProject
Global
	GlobalSection(SolutionConfigurationPlatforms) = preSolution
		Debug|Any CPU = Debug|Any CPU
		Release|Any CPU = Release|Any CPU
	EndGlobalSection
	GlobalSection(ProjectConfigurationPlatforms) = postSolution
		{19F34850-65A9-4906-B4E1-E1871E42BEC0}.Debug|Any CPU.ActiveCfg = Debug|Any CPU
		{19F34850-65A9-4906-B4E1-E1871E42BEC0}.Debug|Any CPU.Build.0 = Debug|Any CPU
		{19F34850-65A9-4906-B4E1-E1871E42BEC0}.Release|Any CPU.ActiveCfg = Release|Any CPU
		{19F34850-65A9-4906-B4E1-E1871E42BEC0}.Release|Any CPU.Build.0 = Release|Any CPU
	EndGlobalSection
	GlobalSection(SolutionProperties) = preSolution
		HideSolutionNode = FALSE
	EndGlobalSection
	GlobalSection(ExtensibilityGlobals) = postSolution
		SolutionGuid = {C655B9FA-39B2-44CE-9EDE-2E8922629073}
	EndGlobalSection
EndGlobal
